PODS:
  - Alamofire (4.7.2)
  - ESTabBarController-swift (2.6.2)
  - FSPagerView (0.7.1)
  - HandyJSON (4.1.1)
  - IQKeyboardManagerSwift (6.0.3)
  - Kingfisher (4.8.0)
  - MJRefresh (3.1.15.3)
  - Moya (11.0.2):
    - Moya/Core (= 11.0.2)
  - Moya/Core (11.0.2):
    - Alamofire (~> 4.1)
    - Result (~> 3.0)
  - Result (3.2.4)
  - SkeletonView (1.2)
  - SnapKit (4.0.0)
  - SVProgressHUD (2.2.5)
  - SwiftMessages (4.1.4):
    - SwiftMessages/App (= 4.1.4)
  - SwiftMessages/App (4.1.4)
  - SwiftyJSON (4.1.0)
  - SwipeMenuViewController (2.1.0)
  - YYKit (1.0.9):
    - YYKit/no-arc (= 1.0.9)
  - YYKit/no-arc (1.0.9)

DEPENDENCIES:
  - ESTabBarController-swift
  - FSPagerView
  - HandyJSON
  - IQKeyboardManagerSwift
  - Kingfisher
  - MJRefresh
  - Moya
  - SkeletonView
  - SnapKit
  - SVProgressHUD
  - SwiftMessages
  - SwiftyJSON
  - SwipeMenuViewController
  - YYKit

SPEC CHECKSUMS:
  Alamofire: e4fa87002c137ba2d8d634d2c51fabcda0d5c223
  ESTabBarController-swift: f0a8679e43df1e60b7b36bbcaf1dc98ba6273c7d
  FSPagerView: 958aba39684e1573755ddcfcc29f7eebb8413cee
  HandyJSON: 3a3de917c4118767ffe41c29b5acba23409649f4
  IQKeyboardManagerSwift: 04e8679f85e496bb2c474eeb9284052f1b3c391c
  Kingfisher: 976d828df2b24834c6a3f2fc4d82cdbd26552be1
  MJRefresh: b48380ae2b927b46c4ef000de9adb8dc748e1df7
  Moya: a725035953bc1c0eb1be505ab903984501d82440
  Result: d2d07204ce72856f1fd9130bbe42c35a7b0fea10
  SkeletonView: d68962d45d1af038f6a110d2274b183df8f82752
  SnapKit: a42d492c16e80209130a3379f73596c3454b7694
  SVProgressHUD: 1428aafac632c1f86f62aa4243ec12008d7a51d6
  SwiftMessages: 2c33fdee8b8f38dfc7e1036684456b505891da8c
  SwiftyJSON: c29297daf073d2aa016295d5809cdd68045c39b3
  SwipeMenuViewController: 43c74a4167956e558ff375d4ac3b8d84c7c5485c
  YYKit: 7cda43304a8dc3696c449041e2cb3107b4e236e7

PODFILE CHECKSUM: d2057733c113902a4093d6fb67b8877d309a73ef

COCOAPODS: 1.3.1
